# This file is autogenerated, do not edit; changes may be undone by the next 'dep ensure'.


[[projects]]
  name = "github.com/Sirupsen/logrus"
  packages = ["."]
  revision = "4b6ea7319e214d98c938f12692336f7ca9348d6b"
  version = "v0.10.0"

[[projects]]
  name = "github.com/codegangsta/negroni"
  packages = ["."]
  revision = "fde5e16d32adc7ad637e9cd9ad21d4ebc6192535"
  version = "v0.2.0"

[[projects]]
  name = "github.com/fiorix/freegeoip"
  packages = ["."]
  revision = "8b86589c43087fce011fbeaaa4a96da374fcf022"

[[projects]]
  name = "github.com/howeyc/fsnotify"
  packages = ["."]
  revision = "6b1ef893dc11e0447abda6da20a5203481878dda"

[[projects]]
  name = "github.com/oschwald/maxminddb-golang"
  packages = ["."]
  revision = "2af0544f8e032bc7a363e897fbd9c6ed4884a1d6"
  version = "v1.0.0"

[[projects]]
  name = "github.com/pkg/errors"
  packages = ["."]
  revision = "645ef00459ed84a119197bfb8d8205042c6df63d"
  version = "v0.8.0"

[[projects]]
  branch = "master"
  name = "github.com/robertkrimen/otto"
  packages = [
    ".",
    "ast",
    "dbg",
    "file",
    "parser",
    "registry",
    "token"
  ]
  revision = "3b44b4dcb6c00477273595c312908e2412d07da6"

[[projects]]
  name = "github.com/rs/cors"
  packages = ["."]
  revision = "a62a804a8a009876ca59105f7899938a1349f4b3"
  version = "v1.0"

[[projects]]
  name = "github.com/rs/xhandler"
  packages = ["."]
  revision = "ed27b6fd65218132ee50cd95f38474a3d8a2cd12"
  version = "v.11"

[[projects]]
  name = "github.com/tylerb/graceful"
  packages = ["."]
  revision = "50a48b6e73fcc75b45e22c05b79629a67c79e938"
  version = "v1.2.13"

[[projects]]
  name = "github.com/urfave/cli"
  packages = ["."]
  revision = "cfb38830724cc34fedffe9a2a29fb54fa9169cd1"
  version = "v1.20.0"

[[projects]]
  name = "golang.org/x/net"
  packages = ["context"]
  revision = "7dbad50ab5b31073856416cdcfeb2796d682f844"

[[projects]]
  name = "golang.org/x/sys"
  packages = [
    "unix",
    "windows"
  ]
  revision = "8f0908ab3b2457e2e15403d3697c9ef5cb4b57a9"

[[projects]]
  name = "gopkg.in/sourcemap.v1"
  packages = [
    ".",
    "base64vlq"
  ]
  revision = "6e83acea0053641eff084973fee085f0c193c61a"
  version = "v1.0.5"

[solve-meta]
  analyzer-name = "dep"
  analyzer-version = 1
  inputs-digest = "0a2dfe8a61366f091a2da1906f082ccbb4a57721e9c7be9e52759b40df09a1d2"
  solver-name = "gps-cdcl"
  solver-version = 1
